
Microsoft Visual Studio Solution File, Format Version 12.00
# Visual Studio Version 17
VisualStudioVersion = 17.7.34031.279
MinimumVisualStudioVersion = 10.0.40219.1
Project("{2150E333-8FDC-42A3-9474-1A3956D46DE8}") = "src", "src", "{55C6DBB7-BDAE-4804-B5C5-6AF82A411282}"
EndProject
Project("{2150E333-8FDC-42A3-9474-1A3956D46DE8}") = "tests", "tests", "{E530842D-1151-42B7-8D77-CD895DCCB3FA}"
EndProject
Project("{9A19103F-16F7-4668-BE54-9A1E7A4F7556}") = "Application.UnitTests", "tests\Application.UnitTests\Application.UnitTests.csproj", "{39DD6429-B46C-42B4-B882-049063E4C654}"
EndProject
Project("{9A19103F-16F7-4668-BE54-9A1E7A4F7556}") = "Application.FunctionalTests", "tests\Application.FunctionalTests\Application.FunctionalTests.csproj", "{22619EC9-FF57-47D4-97C4-A8E816C8BF27}"
EndProject
Project("{9A19103F-16F7-4668-BE54-9A1E7A4F7556}") = "Domain.UnitTests", "tests\Domain.UnitTests\Domain.UnitTests.csproj", "{FE127A70-70D8-4F9E-AFA7-71E209D4A9F0}"
EndProject
Project("{9A19103F-16F7-4668-BE54-9A1E7A4F7556}") = "Infrastructure.IntegrationTests", "tests\Infrastructure.IntegrationTests\Infrastructure.IntegrationTests.csproj", "{22F94106-4648-47A9-BF09-FAD5402E9837}"
EndProject
Project("{2150E333-8FDC-42A3-9474-1A3956D46DE8}") = "Application", "Application", "{A6D59469-DDCA-4AFF-A476-89375F33460F}"
EndProject
Project("{2150E333-8FDC-42A3-9474-1A3956D46DE8}") = "Domain", "Domain", "{3569BFA8-A6A4-4E72-B221-2CD1A8EF5B4D}"
EndProject
Project("{2150E333-8FDC-42A3-9474-1A3956D46DE8}") = "Infrastructure", "Infrastructure", "{DD5AB536-72D6-4AC3-B81C-6699898A5582}"
EndProject
Project("{2150E333-8FDC-42A3-9474-1A3956D46DE8}") = "Web", "Web", "{587E499A-BE7F-4F57-AE1A-DAF004711266}"
EndProject
Project("{9A19103F-16F7-4668-BE54-9A1E7A4F7556}") = "Application", "src\Application\Application\Application.csproj", "{890E7109-7697-4548-B755-EA83B1C98FC0}"
EndProject
Project("{9A19103F-16F7-4668-BE54-9A1E7A4F7556}") = "Domain", "src\Domain\Domain\Domain.csproj", "{FB757E06-52CC-43EE-96DD-736293854E9C}"
EndProject
Project("{9A19103F-16F7-4668-BE54-9A1E7A4F7556}") = "Infrastructure", "src\Infrastructure\Infrastructure\Infrastructure.csproj", "{AD95C9D3-5AB8-4B9B-8A03-F2926549B314}"
EndProject
Project("{2150E333-8FDC-42A3-9474-1A3956D46DE8}") = "Solution Items", "Solution Items", "{FC997F04-DE15-4AFE-AD73-36B765D74F6F}"
	ProjectSection(SolutionItems) = preProject
		.gitignore = .gitignore
		Directory.Packages.props = Directory.Packages.props
	EndProjectSection
EndProject
Project("{FAE04EC0-301F-11D3-BF4B-00C04F79EFBC}") = "Api", "src\Web\Api\Api.csproj", "{020F03B6-CD05-4C20-8E33-CB998C82832D}"
EndProject
Global
	GlobalSection(SolutionConfigurationPlatforms) = preSolution
		Debug|Any CPU = Debug|Any CPU
		Release|Any CPU = Release|Any CPU
	EndGlobalSection
	GlobalSection(ProjectConfigurationPlatforms) = postSolution
		{39DD6429-B46C-42B4-B882-049063E4C654}.Debug|Any CPU.ActiveCfg = Debug|Any CPU
		{39DD6429-B46C-42B4-B882-049063E4C654}.Debug|Any CPU.Build.0 = Debug|Any CPU
		{39DD6429-B46C-42B4-B882-049063E4C654}.Release|Any CPU.ActiveCfg = Release|Any CPU
		{39DD6429-B46C-42B4-B882-049063E4C654}.Release|Any CPU.Build.0 = Release|Any CPU
		{22619EC9-FF57-47D4-97C4-A8E816C8BF27}.Debug|Any CPU.ActiveCfg = Debug|Any CPU
		{22619EC9-FF57-47D4-97C4-A8E816C8BF27}.Debug|Any CPU.Build.0 = Debug|Any CPU
		{22619EC9-FF57-47D4-97C4-A8E816C8BF27}.Release|Any CPU.ActiveCfg = Release|Any CPU
		{22619EC9-FF57-47D4-97C4-A8E816C8BF27}.Release|Any CPU.Build.0 = Release|Any CPU
		{FE127A70-70D8-4F9E-AFA7-71E209D4A9F0}.Debug|Any CPU.ActiveCfg = Debug|Any CPU
		{FE127A70-70D8-4F9E-AFA7-71E209D4A9F0}.Debug|Any CPU.Build.0 = Debug|Any CPU
		{FE127A70-70D8-4F9E-AFA7-71E209D4A9F0}.Release|Any CPU.ActiveCfg = Release|Any CPU
		{FE127A70-70D8-4F9E-AFA7-71E209D4A9F0}.Release|Any CPU.Build.0 = Release|Any CPU
		{22F94106-4648-47A9-BF09-FAD5402E9837}.Debug|Any CPU.ActiveCfg = Debug|Any CPU
		{22F94106-4648-47A9-BF09-FAD5402E9837}.Debug|Any CPU.Build.0 = Debug|Any CPU
		{22F94106-4648-47A9-BF09-FAD5402E9837}.Release|Any CPU.ActiveCfg = Release|Any CPU
		{22F94106-4648-47A9-BF09-FAD5402E9837}.Release|Any CPU.Build.0 = Release|Any CPU
		{890E7109-7697-4548-B755-EA83B1C98FC0}.Debug|Any CPU.ActiveCfg = Debug|Any CPU
		{890E7109-7697-4548-B755-EA83B1C98FC0}.Debug|Any CPU.Build.0 = Debug|Any CPU
		{890E7109-7697-4548-B755-EA83B1C98FC0}.Release|Any CPU.ActiveCfg = Release|Any CPU
		{890E7109-7697-4548-B755-EA83B1C98FC0}.Release|Any CPU.Build.0 = Release|Any CPU
		{FB757E06-52CC-43EE-96DD-736293854E9C}.Debug|Any CPU.ActiveCfg = Debug|Any CPU
		{FB757E06-52CC-43EE-96DD-736293854E9C}.Debug|Any CPU.Build.0 = Debug|Any CPU
		{FB757E06-52CC-43EE-96DD-736293854E9C}.Release|Any CPU.ActiveCfg = Release|Any CPU
		{FB757E06-52CC-43EE-96DD-736293854E9C}.Release|Any CPU.Build.0 = Release|Any CPU
		{AD95C9D3-5AB8-4B9B-8A03-F2926549B314}.Debug|Any CPU.ActiveCfg = Debug|Any CPU
		{AD95C9D3-5AB8-4B9B-8A03-F2926549B314}.Debug|Any CPU.Build.0 = Debug|Any CPU
		{AD95C9D3-5AB8-4B9B-8A03-F2926549B314}.Release|Any CPU.ActiveCfg = Release|Any CPU
		{AD95C9D3-5AB8-4B9B-8A03-F2926549B314}.Release|Any CPU.Build.0 = Release|Any CPU
		{020F03B6-CD05-4C20-8E33-CB998C82832D}.Debug|Any CPU.ActiveCfg = Debug|Any CPU
		{020F03B6-CD05-4C20-8E33-CB998C82832D}.Debug|Any CPU.Build.0 = Debug|Any CPU
		{020F03B6-CD05-4C20-8E33-CB998C82832D}.Release|Any CPU.ActiveCfg = Release|Any CPU
		{020F03B6-CD05-4C20-8E33-CB998C82832D}.Release|Any CPU.Build.0 = Release|Any CPU
	EndGlobalSection
	GlobalSection(SolutionProperties) = preSolution
		HideSolutionNode = FALSE
	EndGlobalSection
	GlobalSection(NestedProjects) = preSolution
		{39DD6429-B46C-42B4-B882-049063E4C654} = {E530842D-1151-42B7-8D77-CD895DCCB3FA}
		{22619EC9-FF57-47D4-97C4-A8E816C8BF27} = {E530842D-1151-42B7-8D77-CD895DCCB3FA}
		{FE127A70-70D8-4F9E-AFA7-71E209D4A9F0} = {E530842D-1151-42B7-8D77-CD895DCCB3FA}
		{22F94106-4648-47A9-BF09-FAD5402E9837} = {E530842D-1151-42B7-8D77-CD895DCCB3FA}
		{A6D59469-DDCA-4AFF-A476-89375F33460F} = {55C6DBB7-BDAE-4804-B5C5-6AF82A411282}
		{3569BFA8-A6A4-4E72-B221-2CD1A8EF5B4D} = {55C6DBB7-BDAE-4804-B5C5-6AF82A411282}
		{DD5AB536-72D6-4AC3-B81C-6699898A5582} = {55C6DBB7-BDAE-4804-B5C5-6AF82A411282}
		{587E499A-BE7F-4F57-AE1A-DAF004711266} = {55C6DBB7-BDAE-4804-B5C5-6AF82A411282}
		{890E7109-7697-4548-B755-EA83B1C98FC0} = {A6D59469-DDCA-4AFF-A476-89375F33460F}
		{FB757E06-52CC-43EE-96DD-736293854E9C} = {3569BFA8-A6A4-4E72-B221-2CD1A8EF5B4D}
		{AD95C9D3-5AB8-4B9B-8A03-F2926549B314} = {DD5AB536-72D6-4AC3-B81C-6699898A5582}
		{020F03B6-CD05-4C20-8E33-CB998C82832D} = {587E499A-BE7F-4F57-AE1A-DAF004711266}
	EndGlobalSection
	GlobalSection(ExtensibilityGlobals) = postSolution
		SolutionGuid = {FDE3D0C0-7133-470D-AC36-02E3DDD44AD6}
	EndGlobalSection
EndGlobal
